
Microsoft Visual Studio Solution File, Format Version 12.00
# Visual Studio Version 17
VisualStudioVersion = 17.12.35707.178
MinimumVisualStudioVersion = 10.0.40219.1
Project("{FAE04EC0-301F-11D3-BF4B-00C04F79EFBC}") = "Cadmus.NdpDrawings.Parts", "Cadmus.NdpDrawings.Parts\Cadmus.NdpDrawings.Parts.csproj", "{C39850B7-3EC6-40CC-A578-8D68BF8A194C}"
EndProject
Project("{FAE04EC0-301F-11D3-BF4B-00C04F79EFBC}") = "Cadmus.Seed.NdpDrawings.Parts", "Cadmus.Seed.NdpDrawings.Parts\Cadmus.Seed.NdpDrawings.Parts.csproj", "{2F5B77B4-B302-44E8-85EE-B77C9AD7638F}"
EndProject
Project("{FAE04EC0-301F-11D3-BF4B-00C04F79EFBC}") = "Cadmus.NdpDrawings.Services", "Cadmus.NdpDrawings.Services\Cadmus.NdpDrawings.Services.csproj", "{ED7340FC-CD06-43C9-AD0D-86319982EAE3}"
EndProject
Project("{FAE04EC0-301F-11D3-BF4B-00C04F79EFBC}") = "Cadmus.NdpDrawings.Parts.Test", "Cadmus.NdpDrawings.Parts.Test\Cadmus.NdpDrawings.Parts.Test.csproj", "{65FE5415-E411-4AAC-A8FB-9A04A0B22512}"
EndProject
Project("{FAE04EC0-301F-11D3-BF4B-00C04F79EFBC}") = "Cadmus.Seed.NdpDrawings.Parts.Test", "Cadmus.Seed.NdpDrawings.Parts.Test\Cadmus.Seed.NdpDrawings.Parts.Test.csproj", "{184F5717-5B84-4350-9ECA-BBDAD3B6C043}"
EndProject
Project("{2150E333-8FDC-42A3-9474-1A3956D46DE8}") = "Solution Items", "Solution Items", "{8028CD7E-97CF-4E71-A447-35EB1441773C}"
	ProjectSection(SolutionItems) = preProject
		Pack.bat = Pack.bat
		Push.bat = Push.bat
		PushLocal.bat = PushLocal.bat
		README.md = README.md
	EndProjectSection
EndProject
Global
	GlobalSection(SolutionConfigurationPlatforms) = preSolution
		Debug|Any CPU = Debug|Any CPU
		Release|Any CPU = Release|Any CPU
	EndGlobalSection
	GlobalSection(ProjectConfigurationPlatforms) = postSolution
		{C39850B7-3EC6-40CC-A578-8D68BF8A194C}.Debug|Any CPU.ActiveCfg = Debug|Any CPU
		{C39850B7-3EC6-40CC-A578-8D68BF8A194C}.Debug|Any CPU.Build.0 = Debug|Any CPU
		{C39850B7-3EC6-40CC-A578-8D68BF8A194C}.Release|Any CPU.ActiveCfg = Release|Any CPU
		{C39850B7-3EC6-40CC-A578-8D68BF8A194C}.Release|Any CPU.Build.0 = Release|Any CPU
		{2F5B77B4-B302-44E8-85EE-B77C9AD7638F}.Debug|Any CPU.ActiveCfg = Debug|Any CPU
		{2F5B77B4-B302-44E8-85EE-B77C9AD7638F}.Debug|Any CPU.Build.0 = Debug|Any CPU
		{2F5B77B4-B302-44E8-85EE-B77C9AD7638F}.Release|Any CPU.ActiveCfg = Release|Any CPU
		{2F5B77B4-B302-44E8-85EE-B77C9AD7638F}.Release|Any CPU.Build.0 = Release|Any CPU
		{ED7340FC-CD06-43C9-AD0D-86319982EAE3}.Debug|Any CPU.ActiveCfg = Debug|Any CPU
		{ED7340FC-CD06-43C9-AD0D-86319982EAE3}.Debug|Any CPU.Build.0 = Debug|Any CPU
		{ED7340FC-CD06-43C9-AD0D-86319982EAE3}.Release|Any CPU.ActiveCfg = Release|Any CPU
		{ED7340FC-CD06-43C9-AD0D-86319982EAE3}.Release|Any CPU.Build.0 = Release|Any CPU
		{65FE5415-E411-4AAC-A8FB-9A04A0B22512}.Debug|Any CPU.ActiveCfg = Debug|Any CPU
		{65FE5415-E411-4AAC-A8FB-9A04A0B22512}.Debug|Any CPU.Build.0 = Debug|Any CPU
		{65FE5415-E411-4AAC-A8FB-9A04A0B22512}.Release|Any CPU.ActiveCfg = Release|Any CPU
		{65FE5415-E411-4AAC-A8FB-9A04A0B22512}.Release|Any CPU.Build.0 = Release|Any CPU
		{184F5717-5B84-4350-9ECA-BBDAD3B6C043}.Debug|Any CPU.ActiveCfg = Debug|Any CPU
		{184F5717-5B84-4350-9ECA-BBDAD3B6C043}.Debug|Any CPU.Build.0 = Debug|Any CPU
		{184F5717-5B84-4350-9ECA-BBDAD3B6C043}.Release|Any CPU.ActiveCfg = Release|Any CPU
		{184F5717-5B84-4350-9ECA-BBDAD3B6C043}.Release|Any CPU.Build.0 = Release|Any CPU
	EndGlobalSection
	GlobalSection(SolutionProperties) = preSolution
		HideSolutionNode = FALSE
	EndGlobalSection
	GlobalSection(ExtensibilityGlobals) = postSolution
		SolutionGuid = {9F16DD98-93AF-46B8-B75A-AF71F689FC5D}
	EndGlobalSection
EndGlobal
